<?xml version="1.0" encoding="utf-8"?>
<Project ToolsVersion="4.0" xmlns="http://schemas.microsoft.com/developer/msbuild/2003">
  <ItemGroup>
    <Filter Include="PreCompile">
      <UniqueIdentifier>{a2c3a0c9-1fbe-4ae0-a7ba-b3f70d0a5b3e}</UniqueIdentifier>
    </Filter>
    <Filter Include="Core">
      <UniqueIdentifier>{410fff6e-2ea4-4dc2-986f-c11c90f3c521}</UniqueIdentifier>
    </Filter>
    <Filter Include="Level">
      <UniqueIdentifier>{24e2245e-495c-41b4-a001-48e18f1120f3}</UniqueIdentifier>
    </Filter>
    <Filter Include="Level\InitTestLevel">
      <UniqueIdentifier>{f7916000-2eac-4253-86cd-7c36bce5db3e}</UniqueIdentifier>
    </Filter>
    <Filter Include="Level\MainTitle">
      <UniqueIdentifier>{f5521efc-1ed7-4ba4-b76f-92ad6428fd07}</UniqueIdentifier>
    </Filter>
    <Filter Include="Map">
      <UniqueIdentifier>{2725ac91-1a32-4115-a2cc-1f86e74e3738}</UniqueIdentifier>
    </Filter>
    <Filter Include="Map\Constant">
      <UniqueIdentifier>{ffb710fc-a9c5-4508-af0f-aa58f41067ed}</UniqueIdentifier>
    </Filter>
    <Filter Include="Level\PlayLevel">
      <UniqueIdentifier>{44ade195-7278-4b24-a3f2-bb726807fefe}</UniqueIdentifier>
    </Filter>
    <Filter Include="Level\PlayLevel\Actor">
      <UniqueIdentifier>{17b123cd-df90-46dd-bb13-1c5c23e00591}</UniqueIdentifier>
    </Filter>
    <Filter Include="Option">
      <UniqueIdentifier>{e28f2a8c-94dc-4617-9504-5df354edf536}</UniqueIdentifier>
    </Filter>
    <Filter Include="Level\ServerLevel">
      <UniqueIdentifier>{7c929542-4fb1-442f-a7cc-1bf3a17213fc}</UniqueIdentifier>
    </Filter>
    <Filter Include="Protocol">
      <UniqueIdentifier>{2c7c4b11-f86c-4b2b-8b6e-d3349507d2a7}</UniqueIdentifier>
    </Filter>
    <Filter Include="Map\Base">
      <UniqueIdentifier>{12dc57c0-8830-42d5-8b5c-027ff2e571a8}</UniqueIdentifier>
    </Filter>
    <Filter Include="Map\Block">
      <UniqueIdentifier>{72f176bb-3c05-4479-9e5f-62c8628c17a8}</UniqueIdentifier>
    </Filter>
    <Filter Include="Level\PlayLevel\Actor\Player">
      <UniqueIdentifier>{2d6be738-09f5-486b-8f7f-cc89e70a8824}</UniqueIdentifier>
    </Filter>
    <Filter Include="Level\PlayLevel\Actor\Bomb">
      <UniqueIdentifier>{0b2e129d-56fe-4eaf-9ca7-fe27b1972192}</UniqueIdentifier>
    </Filter>
    <Filter Include="Debug">
      <UniqueIdentifier>{a04418e5-d48f-42b4-9fbf-a320400c0254}</UniqueIdentifier>
    </Filter>
    <Filter Include="Level\ServerLevel\ServerActor">
      <UniqueIdentifier>{f6d2528e-d17e-47b8-8bb9-8576b6c473c3}</UniqueIdentifier>
    </Filter>
    <Filter Include="UI">
      <UniqueIdentifier>{e3519d18-b196-4cae-85f5-09714166564e}</UniqueIdentifier>
    </Filter>
    <Filter Include="Map\Test">
      <UniqueIdentifier>{a69a4582-2292-4f76-9289-34319875866f}</UniqueIdentifier>
    </Filter>
    <Filter Include="Level\InputRecorderTestLevel">
      <UniqueIdentifier>{49136a5e-a11c-46ee-9714-f7634d7c6728}</UniqueIdentifier>
    </Filter>
    <Filter Include="Level\MainPlayLevel">
      <UniqueIdentifier>{1170aae8-151e-4f80-b2e5-b84e3c7d7284}</UniqueIdentifier>
    </Filter>
    <Filter Include="Map\Stage">
      <UniqueIdentifier>{570d4c26-edb1-4be8-8434-b4c6934858aa}</UniqueIdentifier>
    </Filter>
    <Filter Include="Level\MainTitle\LobbyTitle">
      <UniqueIdentifier>{e3c79255-dfa8-4f6b-8274-874db14dd6ae}</UniqueIdentifier>
    </Filter>
  </ItemGroup>
  <ItemGroup>
    <ClInclude Include="PreCompile.h">
      <Filter>PreCompile</Filter>
    </ClInclude>
    <ClInclude Include="InitTestGameMode.h">
      <Filter>Level\InitTestLevel</Filter>
    </ClInclude>
    <ClInclude Include="CrazyArcadeCore.h">
      <Filter>Core</Filter>
    </ClInclude>
    <ClInclude Include="MainTitleGameMode.h">
      <Filter>Level\MainTitle</Filter>
    </ClInclude>
    <ClInclude Include="MapConstant.h">
      <Filter>Map\Constant</Filter>
    </ClInclude>
    <ClInclude Include="MainPlayLevel.h">
      <Filter>Level\MainPlayLevel</Filter>
    </ClInclude>
    <ClInclude Include="PlayGameMode.h">
      <Filter>Level\PlayLevel</Filter>
    </ClInclude>
    <ClInclude Include="CrazyArcadeEnum.h">
      <Filter>Option</Filter>
    </ClInclude>
    <ClInclude Include="OtherPlayer.h">
      <Filter>Level\ServerLevel</Filter>
    </ClInclude>
    <ClInclude Include="ServerGameMode.h">
      <Filter>Level\ServerLevel</Filter>
    </ClInclude>
    <ClInclude Include="ServerPlayer.h">
      <Filter>Level\ServerLevel</Filter>
    </ClInclude>
    <ClInclude Include="Packets.h">
      <Filter>Protocol</Filter>
    </ClInclude>
    <ClInclude Include="MapBase.h">
      <Filter>Map\Base</Filter>
    </ClInclude>
    <ClInclude Include="VillageMap.h">
      <Filter>Map\Stage</Filter>
    </ClInclude>
    <ClInclude Include="ServerTestOtherPlayer.h">
      <Filter>Level\ServerLevel\ServerActor</Filter>
    </ClInclude>
    <ClInclude Include="ServerTestPlayer.h">
      <Filter>Level\ServerLevel\ServerActor</Filter>
    </ClInclude>
    <ClInclude Include="CrazyArcadeDebugWindow.h">
      <Filter>Debug</Filter>
    </ClInclude>
    <ClInclude Include="TimerUI.h">
      <Filter>UI</Filter>
    </ClInclude>
    <ClInclude Include="Player.h">
      <Filter>Level\PlayLevel\Actor\Player</Filter>
    </ClInclude>
    <ClInclude Include="BlockBase.h">
      <Filter>Map\Base</Filter>
    </ClInclude>
    <ClInclude Include="Wall.h">
      <Filter>Map\Block</Filter>
    </ClInclude>
    <ClInclude Include="Box.h">
      <Filter>Map\Block</Filter>
    </ClInclude>
    <ClInclude Include="TestPlayer.h">
      <Filter>Map\Test</Filter>
    </ClInclude>
    <ClInclude Include="MoveBox.h">
      <Filter>Map\Block</Filter>
    </ClInclude>
    <ClInclude Include="Bomb.h">
      <Filter>Level\PlayLevel\Actor\Bomb</Filter>
    </ClInclude>
    <ClInclude Include="InputRecorderTestGameMode.h">
      <Filter>Level\InputRecorderTestLevel</Filter>
    </ClInclude>
    <ClInclude Include="InGameUI.h">
      <Filter>UI</Filter>
    </ClInclude>
    <ClInclude Include="ItemBase.h">
      <Filter>Map\Base</Filter>
    </ClInclude>
    <ClInclude Include="LobbyTitleGameMode.h">
      <Filter>Level\MainTitle\LobbyTitle</Filter>
    </ClInclude>
  </ItemGroup>
  <ItemGroup>
    <ClCompile Include="PreCompile.cpp">
      <Filter>PreCompile</Filter>
    </ClCompile>
    <ClCompile Include="InitTestGameMode.cpp">
      <Filter>Level\InitTestLevel</Filter>
    </ClCompile>
    <ClCompile Include="CrazyArcadeCore.cpp">
      <Filter>Core</Filter>
    </ClCompile>
    <ClCompile Include="MainTitleGameMode.cpp">
      <Filter>Level\MainTitle</Filter>
    </ClCompile>
    <ClCompile Include="MapConstant.cpp">
      <Filter>Map\Constant</Filter>
    </ClCompile>
    <ClCompile Include="MainPlayLevel.cpp">
      <Filter>Level\MainPlayLevel</Filter>
    </ClCompile>
    <ClCompile Include="PlayGameMode.cpp">
      <Filter>Level\PlayLevel</Filter>
    </ClCompile>
    <ClCompile Include="OtherPlayer.cpp">
      <Filter>Level\ServerLevel</Filter>
    </ClCompile>
    <ClCompile Include="ServerGameMode.cpp">
      <Filter>Level\ServerLevel</Filter>
    </ClCompile>
    <ClCompile Include="ServerPlayer.cpp">
      <Filter>Level\ServerLevel</Filter>
    </ClCompile>
    <ClCompile Include="Packets.cpp">
      <Filter>Protocol</Filter>
    </ClCompile>
    <ClCompile Include="MapBase.cpp">
      <Filter>Map\Base</Filter>
    </ClCompile>
    <ClCompile Include="VillageMap.cpp">
      <Filter>Map\Stage</Filter>
    </ClCompile>
    <ClCompile Include="Player.cpp" />
    <ClCompile Include="PlayerState.cpp" />
    <ClCompile Include="ServerTestOtherPlayer.cpp">
      <Filter>Level\ServerLevel\ServerActor</Filter>
    </ClCompile>
    <ClCompile Include="ServerTestPlayer.cpp">
      <Filter>Level\ServerLevel\ServerActor</Filter>
    </ClCompile>
    <ClCompile Include="PlayerState.cpp">
      <Filter>Level\PlayLevel\Actor\Player</Filter>
    </ClCompile>
    <ClCompile Include="Player.cpp">
      <Filter>Level\PlayLevel\Actor\Player</Filter>
    </ClCompile>
    <ClCompile Include="CrazyArcadeDebugWindow.cpp">
      <Filter>Debug</Filter>
    </ClCompile>
    <ClCompile Include="MapBase_Create.cpp">
      <Filter>Map\Base</Filter>
    </ClCompile>
    <ClCompile Include="TimerUI.cpp">
      <Filter>UI</Filter>
    </ClCompile>
    <ClCompile Include="BlockBase.cpp">
      <Filter>Map\Base</Filter>
    </ClCompile>
    <ClCompile Include="Wall.cpp">
      <Filter>Map\Block</Filter>
    </ClCompile>
    <ClCompile Include="Box.cpp">
      <Filter>Map\Block</Filter>
    </ClCompile>
    <ClCompile Include="TestPlayer.cpp">
      <Filter>Map\Test</Filter>
    </ClCompile>
    <ClCompile Include="MoveBox.cpp">
      <Filter>Map\Block</Filter>
    </ClCompile>
    <ClCompile Include="Bomb.cpp">
      <Filter>Level\PlayLevel\Actor\Bomb</Filter>
    </ClCompile>
    <ClCompile Include="InputRecorderTestGameMode.cpp">
      <Filter>Level\InputRecorderTestLevel</Filter>
    </ClCompile>
    <ClCompile Include="ItemBase.cpp">
      <Filter>Map\Base</Filter>
    </ClCompile>
    <ClCompile Include="LobbyTitleGameMode.cpp">
      <Filter>Level\MainTitle\LobbyTitle</Filter>
    </ClCompile>
    <ClCompile Include="InGameUI.cpp">
      <Filter>UI</Filter>
    </ClCompile>
  </ItemGroup>
</Project>